
Microsoft Visual Studio Solution File, Format Version 12.00
# Visual Studio Version 16
VisualStudioVersion = 16.0.30804.86
MinimumVisualStudioVersion = 10.0.40219.1
Project("{9A19103F-16F7-4668-BE54-9A1E7A4F7556}") = "AdventOfCode", "AdventOfCode\AdventOfCode.csproj", "{1E323E4D-5700-4B97-9C30-3C5053544C34}"
EndProject
Project("{9A19103F-16F7-4668-BE54-9A1E7A4F7556}") = "AdventOfCode.Days", "AdventOfCode.Days\AdventOfCode.Days.csproj", "{A6D1BCC7-EC08-482E-A275-7853587E0F05}"
EndProject
Project("{FAE04EC0-301F-11D3-BF4B-00C04F79EFBC}") = "AdventOfCode.Abstractions", "AdventOfCode.Abstractions\AdventOfCode.Abstractions.csproj", "{687FD34C-AC3D-405B-A8D6-A1B2A411D8AF}"
EndProject
Global
	GlobalSection(SolutionConfigurationPlatforms) = preSolution
		Debug|Any CPU = Debug|Any CPU
		Release|Any CPU = Release|Any CPU
	EndGlobalSection
	GlobalSection(ProjectConfigurationPlatforms) = postSolution
		{1E323E4D-5700-4B97-9C30-3C5053544C34}.Debug|Any CPU.ActiveCfg = Debug|Any CPU
		{1E323E4D-5700-4B97-9C30-3C5053544C34}.Debug|Any CPU.Build.0 = Debug|Any CPU
		{1E323E4D-5700-4B97-9C30-3C5053544C34}.Release|Any CPU.ActiveCfg = Release|Any CPU
		{1E323E4D-5700-4B97-9C30-3C5053544C34}.Release|Any CPU.Build.0 = Release|Any CPU
		{A6D1BCC7-EC08-482E-A275-7853587E0F05}.Debug|Any CPU.ActiveCfg = Debug|Any CPU
		{A6D1BCC7-EC08-482E-A275-7853587E0F05}.Debug|Any CPU.Build.0 = Debug|Any CPU
		{A6D1BCC7-EC08-482E-A275-7853587E0F05}.Release|Any CPU.ActiveCfg = Release|Any CPU
		{A6D1BCC7-EC08-482E-A275-7853587E0F05}.Release|Any CPU.Build.0 = Release|Any CPU
		{687FD34C-AC3D-405B-A8D6-A1B2A411D8AF}.Debug|Any CPU.ActiveCfg = Debug|Any CPU
		{687FD34C-AC3D-405B-A8D6-A1B2A411D8AF}.Debug|Any CPU.Build.0 = Debug|Any CPU
		{687FD34C-AC3D-405B-A8D6-A1B2A411D8AF}.Release|Any CPU.ActiveCfg = Release|Any CPU
		{687FD34C-AC3D-405B-A8D6-A1B2A411D8AF}.Release|Any CPU.Build.0 = Release|Any CPU
	EndGlobalSection
	GlobalSection(SolutionProperties) = preSolution
		HideSolutionNode = FALSE
	EndGlobalSection
	GlobalSection(ExtensibilityGlobals) = postSolution
		SolutionGuid = {8EE176C8-1090-4621-9D30-66738D12C98D}
	EndGlobalSection
EndGlobal
